
Microsoft Visual Studio Solution File, Format Version 11.00
# Visual Studio 2010
Project("{8BC9CEB8-8B4A-11D0-8D11-00A0C91BC942}") = "MixEnergParam", "MixEnergParam\MixEnergParam.vcxproj", "{D263F8A6-8DC6-4CF1-9A66-8440F4DCB39E}"
EndProject
Global
	GlobalSection(SolutionConfigurationPlatforms) = preSolution
		Debug|Win32 = Debug|Win32
		Release|Win32 = Release|Win32
	EndGlobalSection
	GlobalSection(ProjectConfigurationPlatforms) = postSolution
		{D263F8A6-8DC6-4CF1-9A66-8440F4DCB39E}.Debug|Win32.ActiveCfg = Debug|Win32
		{D263F8A6-8DC6-4CF1-9A66-8440F4DCB39E}.Debug|Win32.Build.0 = Debug|Win32
		{D263F8A6-8DC6-4CF1-9A66-8440F4DCB39E}.Release|Win32.ActiveCfg = Release|Win32
		{D263F8A6-8DC6-4CF1-9A66-8440F4DCB39E}.Release|Win32.Build.0 = Release|Win32
	EndGlobalSection
	GlobalSection(SolutionProperties) = preSolution
		HideSolutionNode = FALSE
	EndGlobalSection
EndGlobal
